
Microsoft Visual Studio Solution File, Format Version 12.00
# Visual Studio Version 17
VisualStudioVersion = 17.7.34031.279
MinimumVisualStudioVersion = 10.0.40219.1
Project("{FAE04EC0-301F-11D3-BF4B-00C04F79EFBC}") = "School Management System", "School Management System\School Management System.csproj", "{8345F94F-13E7-4FC7-BB5B-A509997FEDDE}"
EndProject
Global
	GlobalSection(SolutionConfigurationPlatforms) = preSolution
		Debug|Any CPU = Debug|Any CPU
		Release|Any CPU = Release|Any CPU
	EndGlobalSection
	GlobalSection(ProjectConfigurationPlatforms) = postSolution
		{8345F94F-13E7-4FC7-BB5B-A509997FEDDE}.Debug|Any CPU.ActiveCfg = Debug|Any CPU
		{8345F94F-13E7-4FC7-BB5B-A509997FEDDE}.Debug|Any CPU.Build.0 = Debug|Any CPU
		{8345F94F-13E7-4FC7-BB5B-A509997FEDDE}.Release|Any CPU.ActiveCfg = Release|Any CPU
		{8345F94F-13E7-4FC7-BB5B-A509997FEDDE}.Release|Any CPU.Build.0 = Release|Any CPU
	EndGlobalSection
	GlobalSection(SolutionProperties) = preSolution
		HideSolutionNode = FALSE
	EndGlobalSection
	GlobalSection(ExtensibilityGlobals) = postSolution
		SolutionGuid = {596BEE3F-C7F3-47FB-BE52-C1D3B1DCA0A5}
	EndGlobalSection
EndGlobal
